
Microsoft Visual Studio Solution File, Format Version 12.00
# Visual Studio Version 16
VisualStudioVersion = 16.0.31205.134
MinimumVisualStudioVersion = 10.0.40219.1
Project("{FAE04EC0-301F-11D3-BF4B-00C04F79EFBC}") = "CursoMVC", "CursoMVC.csproj", "{83282ED0-1659-4ED1-9E24-9208DA04F668}"
EndProject
Global
	GlobalSection(SolutionConfigurationPlatforms) = preSolution
		Debug|Any CPU = Debug|Any CPU
		Release|Any CPU = Release|Any CPU
	EndGlobalSection
	GlobalSection(ProjectConfigurationPlatforms) = postSolution
		{83282ED0-1659-4ED1-9E24-9208DA04F668}.Debug|Any CPU.ActiveCfg = Debug|Any CPU
		{83282ED0-1659-4ED1-9E24-9208DA04F668}.Debug|Any CPU.Build.0 = Debug|Any CPU
		{83282ED0-1659-4ED1-9E24-9208DA04F668}.Release|Any CPU.ActiveCfg = Release|Any CPU
		{83282ED0-1659-4ED1-9E24-9208DA04F668}.Release|Any CPU.Build.0 = Release|Any CPU
	EndGlobalSection
	GlobalSection(SolutionProperties) = preSolution
		HideSolutionNode = FALSE
	EndGlobalSection
	GlobalSection(ExtensibilityGlobals) = postSolution
		SolutionGuid = {04175146-70E8-46CD-B52C-793AB85E66A8}
	EndGlobalSection
EndGlobal
